
Microsoft Visual Studio Solution File, Format Version 12.00
# Visual Studio 14
VisualStudioVersion = 14.0.25420.1
MinimumVisualStudioVersion = 10.0.40219.1
Project("{FAE04EC0-301F-11D3-BF4B-00C04F79EFBC}") = "MailBo", "MailBo\MailBo.csproj", "{DA6E59D2-9754-4657-89B4-CBF69F4E6291}"
EndProject
Project("{FAE04EC0-301F-11D3-BF4B-00C04F79EFBC}") = "MailBoService", "MailBoService\MailBoService.csproj", "{D2B16288-7A04-4982-9237-A955F6C1F396}"
EndProject
Project("{FAE04EC0-301F-11D3-BF4B-00C04F79EFBC}") = "MailBoClient.Droid", "MailBoClient\MailBoClient.Droid\MailBoClient.Droid.csproj", "{6DE936CA-FB53-44F7-BDDE-08D872F6DEC4}"
EndProject
Project("{FAE04EC0-301F-11D3-BF4B-00C04F79EFBC}") = "MailBoClient.iOS", "MailBoClient\MailBoClient.iOS\MailBoClient.iOS.csproj", "{F863710F-6205-4980-91DC-53D5DCAB9879}"
EndProject
Project("{FAE04EC0-301F-11D3-BF4B-00C04F79EFBC}") = "MailBoClient.WinPhone", "MailBoClient\MailBoClient.WinPhone\MailBoClient.WinPhone.csproj", "{602B8E4A-63CC-4ECD-AA08-C71DC05C93B3}"
EndProject
Project("{FAE04EC0-301F-11D3-BF4B-00C04F79EFBC}") = "MailBoClient.Windows", "MailBoClient\MailBoClient.Windows\MailBoClient.Windows.csproj", "{398B46F8-BDDE-4702-983C-726C3441E833}"
EndProject
Project("{FAE04EC0-301F-11D3-BF4B-00C04F79EFBC}") = "MailBoClient", "MailBoClient\MailBoClient\MailBoClient.csproj", "{EDB322E9-1932-4271-AA81-7155471E468C}"
EndProject
Global
	GlobalSection(SolutionConfigurationPlatforms) = preSolution
		Ad-Hoc|Any CPU = Ad-Hoc|Any CPU
		Ad-Hoc|ARM = Ad-Hoc|ARM
		Ad-Hoc|iPhone = Ad-Hoc|iPhone
		Ad-Hoc|iPhoneSimulator = Ad-Hoc|iPhoneSimulator
		Ad-Hoc|x64 = Ad-Hoc|x64
		Ad-Hoc|x86 = Ad-Hoc|x86
		AppStore|Any CPU = AppStore|Any CPU
		AppStore|ARM = AppStore|ARM
		AppStore|iPhone = AppStore|iPhone
		AppStore|iPhoneSimulator = AppStore|iPhoneSimulator
		AppStore|x64 = AppStore|x64
		AppStore|x86 = AppStore|x86
		Debug|Any CPU = Debug|Any CPU
		Debug|ARM = Debug|ARM
		Debug|iPhone = Debug|iPhone
		Debug|iPhoneSimulator = Debug|iPhoneSimulator
		Debug|x64 = Debug|x64
		Debug|x86 = Debug|x86
		Release|Any CPU = Release|Any CPU
		Release|ARM = Release|ARM
		Release|iPhone = Release|iPhone
		Release|iPhoneSimulator = Release|iPhoneSimulator
		Release|x64 = Release|x64
		Release|x86 = Release|x86
	EndGlobalSection
	GlobalSection(ProjectConfigurationPlatforms) = postSolution
		{DA6E59D2-9754-4657-89B4-CBF69F4E6291}.Ad-Hoc|Any CPU.ActiveCfg = Release|Any CPU
		{DA6E59D2-9754-4657-89B4-CBF69F4E6291}.Ad-Hoc|Any CPU.Build.0 = Release|Any CPU
		{DA6E59D2-9754-4657-89B4-CBF69F4E6291}.Ad-Hoc|ARM.ActiveCfg = Release|Any CPU
		{DA6E59D2-9754-4657-89B4-CBF69F4E6291}.Ad-Hoc|ARM.Build.0 = Release|Any CPU
		{DA6E59D2-9754-4657-89B4-CBF69F4E6291}.Ad-Hoc|iPhone.ActiveCfg = Release|Any CPU
		{DA6E59D2-9754-4657-89B4-CBF69F4E6291}.Ad-Hoc|iPhone.Build.0 = Release|Any CPU
		{DA6E59D2-9754-4657-89B4-CBF69F4E6291}.Ad-Hoc|iPhoneSimulator.ActiveCfg = Release|Any CPU
		{DA6E59D2-9754-4657-89B4-CBF69F4E6291}.Ad-Hoc|iPhoneSimulator.Build.0 = Release|Any CPU
		{DA6E59D2-9754-4657-89B4-CBF69F4E6291}.Ad-Hoc|x64.ActiveCfg = Release|Any CPU
		{DA6E59D2-9754-4657-89B4-CBF69F4E6291}.Ad-Hoc|x64.Build.0 = Release|Any CPU
		{DA6E59D2-9754-4657-89B4-CBF69F4E6291}.Ad-Hoc|x86.ActiveCfg = Release|Any CPU
		{DA6E59D2-9754-4657-89B4-CBF69F4E6291}.Ad-Hoc|x86.Build.0 = Release|Any CPU
		{DA6E59D2-9754-4657-89B4-CBF69F4E6291}.AppStore|Any CPU.ActiveCfg = Release|Any CPU
		{DA6E59D2-9754-4657-89B4-CBF69F4E6291}.AppStore|Any CPU.Build.0 = Release|Any CPU
		{DA6E59D2-9754-4657-89B4-CBF69F4E6291}.AppStore|ARM.ActiveCfg = Release|Any CPU
		{DA6E59D2-9754-4657-89B4-CBF69F4E6291}.AppStore|ARM.Build.0 = Release|Any CPU
		{DA6E59D2-9754-4657-89B4-CBF69F4E6291}.AppStore|iPhone.ActiveCfg = Release|Any CPU
		{DA6E59D2-9754-4657-89B4-CBF69F4E6291}.AppStore|iPhone.Build.0 = Release|Any CPU
		{DA6E59D2-9754-4657-89B4-CBF69F4E6291}.AppStore|iPhoneSimulator.ActiveCfg = Release|Any CPU
		{DA6E59D2-9754-4657-89B4-CBF69F4E6291}.AppStore|iPhoneSimulator.Build.0 = Release|Any CPU
		{DA6E59D2-9754-4657-89B4-CBF69F4E6291}.AppStore|x64.ActiveCfg = Release|Any CPU
		{DA6E59D2-9754-4657-89B4-CBF69F4E6291}.AppStore|x64.Build.0 = Release|Any CPU
		{DA6E59D2-9754-4657-89B4-CBF69F4E6291}.AppStore|x86.ActiveCfg = Release|Any CPU
		{DA6E59D2-9754-4657-89B4-CBF69F4E6291}.AppStore|x86.Build.0 = Release|Any CPU
		{DA6E59D2-9754-4657-89B4-CBF69F4E6291}.Debug|Any CPU.ActiveCfg = Debug|Any CPU
		{DA6E59D2-9754-4657-89B4-CBF69F4E6291}.Debug|Any CPU.Build.0 = Debug|Any CPU
		{DA6E59D2-9754-4657-89B4-CBF69F4E6291}.Debug|ARM.ActiveCfg = Debug|Any CPU
		{DA6E59D2-9754-4657-89B4-CBF69F4E6291}.Debug|ARM.Build.0 = Debug|Any CPU
		{DA6E59D2-9754-4657-89B4-CBF69F4E6291}.Debug|iPhone.ActiveCfg = Debug|Any CPU
		{DA6E59D2-9754-4657-89B4-CBF69F4E6291}.Debug|iPhone.Build.0 = Debug|Any CPU
		{DA6E59D2-9754-4657-89B4-CBF69F4E6291}.Debug|iPhoneSimulator.ActiveCfg = Debug|Any CPU
		{DA6E59D2-9754-4657-89B4-CBF69F4E6291}.Debug|iPhoneSimulator.Build.0 = Debug|Any CPU
		{DA6E59D2-9754-4657-89B4-CBF69F4E6291}.Debug|x64.ActiveCfg = Debug|Any CPU
		{DA6E59D2-9754-4657-89B4-CBF69F4E6291}.Debug|x64.Build.0 = Debug|Any CPU
		{DA6E59D2-9754-4657-89B4-CBF69F4E6291}.Debug|x86.ActiveCfg = Debug|Any CPU
		{DA6E59D2-9754-4657-89B4-CBF69F4E6291}.Debug|x86.Build.0 = Debug|Any CPU
		{DA6E59D2-9754-4657-89B4-CBF69F4E6291}.Release|Any CPU.ActiveCfg = Release|Any CPU
		{DA6E59D2-9754-4657-89B4-CBF69F4E6291}.Release|Any CPU.Build.0 = Release|Any CPU
		{DA6E59D2-9754-4657-89B4-CBF69F4E6291}.Release|ARM.ActiveCfg = Release|Any CPU
		{DA6E59D2-9754-4657-89B4-CBF69F4E6291}.Release|ARM.Build.0 = Release|Any CPU
		{DA6E59D2-9754-4657-89B4-CBF69F4E6291}.Release|iPhone.ActiveCfg = Release|Any CPU
		{DA6E59D2-9754-4657-89B4-CBF69F4E6291}.Release|iPhone.Build.0 = Release|Any CPU
		{DA6E59D2-9754-4657-89B4-CBF69F4E6291}.Release|iPhoneSimulator.ActiveCfg = Release|Any CPU
		{DA6E59D2-9754-4657-89B4-CBF69F4E6291}.Release|iPhoneSimulator.Build.0 = Release|Any CPU
		{DA6E59D2-9754-4657-89B4-CBF69F4E6291}.Release|x64.ActiveCfg = Release|Any CPU
		{DA6E59D2-9754-4657-89B4-CBF69F4E6291}.Release|x64.Build.0 = Release|Any CPU
		{DA6E59D2-9754-4657-89B4-CBF69F4E6291}.Release|x86.ActiveCfg = Release|Any CPU
		{DA6E59D2-9754-4657-89B4-CBF69F4E6291}.Release|x86.Build.0 = Release|Any CPU
		{D2B16288-7A04-4982-9237-A955F6C1F396}.Ad-Hoc|Any CPU.ActiveCfg = Release|Any CPU
		{D2B16288-7A04-4982-9237-A955F6C1F396}.Ad-Hoc|Any CPU.Build.0 = Release|Any CPU
		{D2B16288-7A04-4982-9237-A955F6C1F396}.Ad-Hoc|ARM.ActiveCfg = Release|Any CPU
		{D2B16288-7A04-4982-9237-A955F6C1F396}.Ad-Hoc|ARM.Build.0 = Release|Any CPU
		{D2B16288-7A04-4982-9237-A955F6C1F396}.Ad-Hoc|iPhone.ActiveCfg = Release|Any CPU
		{D2B16288-7A04-4982-9237-A955F6C1F396}.Ad-Hoc|iPhone.Build.0 = Release|Any CPU
		{D2B16288-7A04-4982-9237-A955F6C1F396}.Ad-Hoc|iPhoneSimulator.ActiveCfg = Release|Any CPU
		{D2B16288-7A04-4982-9237-A955F6C1F396}.Ad-Hoc|iPhoneSimulator.Build.0 = Release|Any CPU
		{D2B16288-7A04-4982-9237-A955F6C1F396}.Ad-Hoc|x64.ActiveCfg = Release|Any CPU
		{D2B16288-7A04-4982-9237-A955F6C1F396}.Ad-Hoc|x64.Build.0 = Release|Any CPU
		{D2B16288-7A04-4982-9237-A955F6C1F396}.Ad-Hoc|x86.ActiveCfg = Release|Any CPU
		{D2B16288-7A04-4982-9237-A955F6C1F396}.Ad-Hoc|x86.Build.0 = Release|Any CPU
		{D2B16288-7A04-4982-9237-A955F6C1F396}.AppStore|Any CPU.ActiveCfg = Release|Any CPU
		{D2B16288-7A04-4982-9237-A955F6C1F396}.AppStore|Any CPU.Build.0 = Release|Any CPU
		{D2B16288-7A04-4982-9237-A955F6C1F396}.AppStore|ARM.ActiveCfg = Release|Any CPU
		{D2B16288-7A04-4982-9237-A955F6C1F396}.AppStore|ARM.Build.0 = Release|Any CPU
		{D2B16288-7A04-4982-9237-A955F6C1F396}.AppStore|iPhone.ActiveCfg = Release|Any CPU
		{D2B16288-7A04-4982-9237-A955F6C1F396}.AppStore|iPhone.Build.0 = Release|Any CPU
		{D2B16288-7A04-4982-9237-A955F6C1F396}.AppStore|iPhoneSimulator.ActiveCfg = Release|Any CPU
		{D2B16288-7A04-4982-9237-A955F6C1F396}.AppStore|iPhoneSimulator.Build.0 = Release|Any CPU
		{D2B16288-7A04-4982-9237-A955F6C1F396}.AppStore|x64.ActiveCfg = Release|Any CPU
		{D2B16288-7A04-4982-9237-A955F6C1F396}.AppStore|x64.Build.0 = Release|Any CPU
		{D2B16288-7A04-4982-9237-A955F6C1F396}.AppStore|x86.ActiveCfg = Release|Any CPU
		{D2B16288-7A04-4982-9237-A955F6C1F396}.AppStore|x86.Build.0 = Release|Any CPU
		{D2B16288-7A04-4982-9237-A955F6C1F396}.Debug|Any CPU.ActiveCfg = Debug|Any CPU
		{D2B16288-7A04-4982-9237-A955F6C1F396}.Debug|Any CPU.Build.0 = Debug|Any CPU
		{D2B16288-7A04-4982-9237-A955F6C1F396}.Debug|ARM.ActiveCfg = Debug|Any CPU
		{D2B16288-7A04-4982-9237-A955F6C1F396}.Debug|ARM.Build.0 = Debug|Any CPU
		{D2B16288-7A04-4982-9237-A955F6C1F396}.Debug|iPhone.ActiveCfg = Debug|Any CPU
		{D2B16288-7A04-4982-9237-A955F6C1F396}.Debug|iPhone.Build.0 = Debug|Any CPU
		{D2B16288-7A04-4982-9237-A955F6C1F396}.Debug|iPhoneSimulator.ActiveCfg = Debug|Any CPU
		{D2B16288-7A04-4982-9237-A955F6C1F396}.Debug|iPhoneSimulator.Build.0 = Debug|Any CPU
		{D2B16288-7A04-4982-9237-A955F6C1F396}.Debug|x64.ActiveCfg = Debug|Any CPU
		{D2B16288-7A04-4982-9237-A955F6C1F396}.Debug|x64.Build.0 = Debug|Any CPU
		{D2B16288-7A04-4982-9237-A955F6C1F396}.Debug|x86.ActiveCfg = Debug|Any CPU
		{D2B16288-7A04-4982-9237-A955F6C1F396}.Debug|x86.Build.0 = Debug|Any CPU
		{D2B16288-7A04-4982-9237-A955F6C1F396}.Release|Any CPU.ActiveCfg = Release|Any CPU
		{D2B16288-7A04-4982-9237-A955F6C1F396}.Release|Any CPU.Build.0 = Release|Any CPU
		{D2B16288-7A04-4982-9237-A955F6C1F396}.Release|ARM.ActiveCfg = Release|Any CPU
		{D2B16288-7A04-4982-9237-A955F6C1F396}.Release|ARM.Build.0 = Release|Any CPU
		{D2B16288-7A04-4982-9237-A955F6C1F396}.Release|iPhone.ActiveCfg = Release|Any CPU
		{D2B16288-7A04-4982-9237-A955F6C1F396}.Release|iPhone.Build.0 = Release|Any CPU
		{D2B16288-7A04-4982-9237-A955F6C1F396}.Release|iPhoneSimulator.ActiveCfg = Release|Any CPU
		{D2B16288-7A04-4982-9237-A955F6C1F396}.Release|iPhoneSimulator.Build.0 = Release|Any CPU
		{D2B16288-7A04-4982-9237-A955F6C1F396}.Release|x64.ActiveCfg = Release|Any CPU
		{D2B16288-7A04-4982-9237-A955F6C1F396}.Release|x64.Build.0 = Release|Any CPU
		{D2B16288-7A04-4982-9237-A955F6C1F396}.Release|x86.ActiveCfg = Release|Any CPU
		{D2B16288-7A04-4982-9237-A955F6C1F396}.Release|x86.Build.0 = Release|Any CPU
		{6DE936CA-FB53-44F7-BDDE-08D872F6DEC4}.Ad-Hoc|Any CPU.ActiveCfg = Release|Any CPU
		{6DE936CA-FB53-44F7-BDDE-08D872F6DEC4}.Ad-Hoc|Any CPU.Build.0 = Release|Any CPU
		{6DE936CA-FB53-44F7-BDDE-08D872F6DEC4}.Ad-Hoc|Any CPU.Deploy.0 = Release|Any CPU
		{6DE936CA-FB53-44F7-BDDE-08D872F6DEC4}.Ad-Hoc|ARM.ActiveCfg = Release|Any CPU
		{6DE936CA-FB53-44F7-BDDE-08D872F6DEC4}.Ad-Hoc|ARM.Build.0 = Release|Any CPU
		{6DE936CA-FB53-44F7-BDDE-08D872F6DEC4}.Ad-Hoc|ARM.Deploy.0 = Release|Any CPU
		{6DE936CA-FB53-44F7-BDDE-08D872F6DEC4}.Ad-Hoc|iPhone.ActiveCfg = Release|Any CPU
		{6DE936CA-FB53-44F7-BDDE-08D872F6DEC4}.Ad-Hoc|iPhone.Build.0 = Release|Any CPU
		{6DE936CA-FB53-44F7-BDDE-08D872F6DEC4}.Ad-Hoc|iPhone.Deploy.0 = Release|Any CPU
		{6DE936CA-FB53-44F7-BDDE-08D872F6DEC4}.Ad-Hoc|iPhoneSimulator.ActiveCfg = Release|Any CPU
		{6DE936CA-FB53-44F7-BDDE-08D872F6DEC4}.Ad-Hoc|iPhoneSimulator.Build.0 = Release|Any CPU
		{6DE936CA-FB53-44F7-BDDE-08D872F6DEC4}.Ad-Hoc|iPhoneSimulator.Deploy.0 = Release|Any CPU
		{6DE936CA-FB53-44F7-BDDE-08D872F6DEC4}.Ad-Hoc|x64.ActiveCfg = Release|Any CPU
		{6DE936CA-FB53-44F7-BDDE-08D872F6DEC4}.Ad-Hoc|x64.Build.0 = Release|Any CPU
		{6DE936CA-FB53-44F7-BDDE-08D872F6DEC4}.Ad-Hoc|x64.Deploy.0 = Release|Any CPU
		{6DE936CA-FB53-44F7-BDDE-08D872F6DEC4}.Ad-Hoc|x86.ActiveCfg = Release|Any CPU
		{6DE936CA-FB53-44F7-BDDE-08D872F6DEC4}.Ad-Hoc|x86.Build.0 = Release|Any CPU
		{6DE936CA-FB53-44F7-BDDE-08D872F6DEC4}.Ad-Hoc|x86.Deploy.0 = Release|Any CPU
		{6DE936CA-FB53-44F7-BDDE-08D872F6DEC4}.AppStore|Any CPU.ActiveCfg = Release|Any CPU
		{6DE936CA-FB53-44F7-BDDE-08D872F6DEC4}.AppStore|Any CPU.Build.0 = Release|Any CPU
		{6DE936CA-FB53-44F7-BDDE-08D872F6DEC4}.AppStore|Any CPU.Deploy.0 = Release|Any CPU
		{6DE936CA-FB53-44F7-BDDE-08D872F6DEC4}.AppStore|ARM.ActiveCfg = Release|Any CPU
		{6DE936CA-FB53-44F7-BDDE-08D872F6DEC4}.AppStore|ARM.Build.0 = Release|Any CPU
		{6DE936CA-FB53-44F7-BDDE-08D872F6DEC4}.AppStore|ARM.Deploy.0 = Release|Any CPU
		{6DE936CA-FB53-44F7-BDDE-08D872F6DEC4}.AppStore|iPhone.ActiveCfg = Release|Any CPU
		{6DE936CA-FB53-44F7-BDDE-08D872F6DEC4}.AppStore|iPhone.Build.0 = Release|Any CPU
		{6DE936CA-FB53-44F7-BDDE-08D872F6DEC4}.AppStore|iPhone.Deploy.0 = Release|Any CPU
		{6DE936CA-FB53-44F7-BDDE-08D872F6DEC4}.AppStore|iPhoneSimulator.ActiveCfg = Release|Any CPU
		{6DE936CA-FB53-44F7-BDDE-08D872F6DEC4}.AppStore|iPhoneSimulator.Build.0 = Release|Any CPU
		{6DE936CA-FB53-44F7-BDDE-08D872F6DEC4}.AppStore|iPhoneSimulator.Deploy.0 = Release|Any CPU
		{6DE936CA-FB53-44F7-BDDE-08D872F6DEC4}.AppStore|x64.ActiveCfg = Release|Any CPU
		{6DE936CA-FB53-44F7-BDDE-08D872F6DEC4}.AppStore|x64.Build.0 = Release|Any CPU
		{6DE936CA-FB53-44F7-BDDE-08D872F6DEC4}.AppStore|x64.Deploy.0 = Release|Any CPU
		{6DE936CA-FB53-44F7-BDDE-08D872F6DEC4}.AppStore|x86.ActiveCfg = Release|Any CPU
		{6DE936CA-FB53-44F7-BDDE-08D872F6DEC4}.AppStore|x86.Build.0 = Release|Any CPU
		{6DE936CA-FB53-44F7-BDDE-08D872F6DEC4}.AppStore|x86.Deploy.0 = Release|Any CPU
		{6DE936CA-FB53-44F7-BDDE-08D872F6DEC4}.Debug|Any CPU.ActiveCfg = Debug|Any CPU
		{6DE936CA-FB53-44F7-BDDE-08D872F6DEC4}.Debug|Any CPU.Build.0 = Debug|Any CPU
		{6DE936CA-FB53-44F7-BDDE-08D872F6DEC4}.Debug|Any CPU.Deploy.0 = Debug|Any CPU
		{6DE936CA-FB53-44F7-BDDE-08D872F6DEC4}.Debug|ARM.ActiveCfg = Debug|Any CPU
		{6DE936CA-FB53-44F7-BDDE-08D872F6DEC4}.Debug|ARM.Build.0 = Debug|Any CPU
		{6DE936CA-FB53-44F7-BDDE-08D872F6DEC4}.Debug|ARM.Deploy.0 = Debug|Any CPU
		{6DE936CA-FB53-44F7-BDDE-08D872F6DEC4}.Debug|iPhone.ActiveCfg = Debug|Any CPU
		{6DE936CA-FB53-44F7-BDDE-08D872F6DEC4}.Debug|iPhone.Build.0 = Debug|Any CPU
		{6DE936CA-FB53-44F7-BDDE-08D872F6DEC4}.Debug|iPhone.Deploy.0 = Debug|Any CPU
		{6DE936CA-FB53-44F7-BDDE-08D872F6DEC4}.Debug|iPhoneSimulator.ActiveCfg = Debug|Any CPU
		{6DE936CA-FB53-44F7-BDDE-08D872F6DEC4}.Debug|iPhoneSimulator.Build.0 = Debug|Any CPU
		{6DE936CA-FB53-44F7-BDDE-08D872F6DEC4}.Debug|iPhoneSimulator.Deploy.0 = Debug|Any CPU
		{6DE936CA-FB53-44F7-BDDE-08D872F6DEC4}.Debug|x64.ActiveCfg = Debug|Any CPU
		{6DE936CA-FB53-44F7-BDDE-08D872F6DEC4}.Debug|x64.Build.0 = Debug|Any CPU
		{6DE936CA-FB53-44F7-BDDE-08D872F6DEC4}.Debug|x64.Deploy.0 = Debug|Any CPU
		{6DE936CA-FB53-44F7-BDDE-08D872F6DEC4}.Debug|x86.ActiveCfg = Debug|Any CPU
		{6DE936CA-FB53-44F7-BDDE-08D872F6DEC4}.Debug|x86.Build.0 = Debug|Any CPU
		{6DE936CA-FB53-44F7-BDDE-08D872F6DEC4}.Debug|x86.Deploy.0 = Debug|Any CPU
		{6DE936CA-FB53-44F7-BDDE-08D872F6DEC4}.Release|Any CPU.ActiveCfg = Release|Any CPU
		{6DE936CA-FB53-44F7-BDDE-08D872F6DEC4}.Release|Any CPU.Build.0 = Release|Any CPU
		{6DE936CA-FB53-44F7-BDDE-08D872F6DEC4}.Release|Any CPU.Deploy.0 = Release|Any CPU
		{6DE936CA-FB53-44F7-BDDE-08D872F6DEC4}.Release|ARM.ActiveCfg = Release|Any CPU
		{6DE936CA-FB53-44F7-BDDE-08D872F6DEC4}.Release|ARM.Build.0 = Release|Any CPU
		{6DE936CA-FB53-44F7-BDDE-08D872F6DEC4}.Release|ARM.Deploy.0 = Release|Any CPU
		{6DE936CA-FB53-44F7-BDDE-08D872F6DEC4}.Release|iPhone.ActiveCfg = Release|Any CPU
		{6DE936CA-FB53-44F7-BDDE-08D872F6DEC4}.Release|iPhone.Build.0 = Release|Any CPU
		{6DE936CA-FB53-44F7-BDDE-08D872F6DEC4}.Release|iPhone.Deploy.0 = Release|Any CPU
		{6DE936CA-FB53-44F7-BDDE-08D872F6DEC4}.Release|iPhoneSimulator.ActiveCfg = Release|Any CPU
		{6DE936CA-FB53-44F7-BDDE-08D872F6DEC4}.Release|iPhoneSimulator.Build.0 = Release|Any CPU
		{6DE936CA-FB53-44F7-BDDE-08D872F6DEC4}.Release|iPhoneSimulator.Deploy.0 = Release|Any CPU
		{6DE936CA-FB53-44F7-BDDE-08D872F6DEC4}.Release|x64.ActiveCfg = Release|Any CPU
		{6DE936CA-FB53-44F7-BDDE-08D872F6DEC4}.Release|x64.Build.0 = Release|Any CPU
		{6DE936CA-FB53-44F7-BDDE-08D872F6DEC4}.Release|x64.Deploy.0 = Release|Any CPU
		{6DE936CA-FB53-44F7-BDDE-08D872F6DEC4}.Release|x86.ActiveCfg = Release|Any CPU
		{6DE936CA-FB53-44F7-BDDE-08D872F6DEC4}.Release|x86.Build.0 = Release|Any CPU
		{6DE936CA-FB53-44F7-BDDE-08D872F6DEC4}.Release|x86.Deploy.0 = Release|Any CPU
		{F863710F-6205-4980-91DC-53D5DCAB9879}.Ad-Hoc|Any CPU.ActiveCfg = Ad-Hoc|iPhone
		{F863710F-6205-4980-91DC-53D5DCAB9879}.Ad-Hoc|ARM.ActiveCfg = Ad-Hoc|iPhone
		{F863710F-6205-4980-91DC-53D5DCAB9879}.Ad-Hoc|iPhone.ActiveCfg = Ad-Hoc|iPhone
		{F863710F-6205-4980-91DC-53D5DCAB9879}.Ad-Hoc|iPhone.Build.0 = Ad-Hoc|iPhone
		{F863710F-6205-4980-91DC-53D5DCAB9879}.Ad-Hoc|iPhoneSimulator.ActiveCfg = Ad-Hoc|iPhoneSimulator
		{F863710F-6205-4980-91DC-53D5DCAB9879}.Ad-Hoc|iPhoneSimulator.Build.0 = Ad-Hoc|iPhoneSimulator
		{F863710F-6205-4980-91DC-53D5DCAB9879}.Ad-Hoc|x64.ActiveCfg = Ad-Hoc|iPhone
		{F863710F-6205-4980-91DC-53D5DCAB9879}.Ad-Hoc|x86.ActiveCfg = Ad-Hoc|iPhone
		{F863710F-6205-4980-91DC-53D5DCAB9879}.AppStore|Any CPU.ActiveCfg = AppStore|iPhone
		{F863710F-6205-4980-91DC-53D5DCAB9879}.AppStore|ARM.ActiveCfg = AppStore|iPhone
		{F863710F-6205-4980-91DC-53D5DCAB9879}.AppStore|iPhone.ActiveCfg = AppStore|iPhone
		{F863710F-6205-4980-91DC-53D5DCAB9879}.AppStore|iPhone.Build.0 = AppStore|iPhone
		{F863710F-6205-4980-91DC-53D5DCAB9879}.AppStore|iPhoneSimulator.ActiveCfg = AppStore|iPhoneSimulator
		{F863710F-6205-4980-91DC-53D5DCAB9879}.AppStore|iPhoneSimulator.Build.0 = AppStore|iPhoneSimulator
		{F863710F-6205-4980-91DC-53D5DCAB9879}.AppStore|x64.ActiveCfg = AppStore|iPhone
		{F863710F-6205-4980-91DC-53D5DCAB9879}.AppStore|x86.ActiveCfg = AppStore|iPhone
		{F863710F-6205-4980-91DC-53D5DCAB9879}.Debug|Any CPU.ActiveCfg = Debug|iPhone
		{F863710F-6205-4980-91DC-53D5DCAB9879}.Debug|ARM.ActiveCfg = Debug|iPhone
		{F863710F-6205-4980-91DC-53D5DCAB9879}.Debug|iPhone.ActiveCfg = Debug|iPhone
		{F863710F-6205-4980-91DC-53D5DCAB9879}.Debug|iPhone.Build.0 = Debug|iPhone
		{F863710F-6205-4980-91DC-53D5DCAB9879}.Debug|iPhoneSimulator.ActiveCfg = Debug|iPhoneSimulator
		{F863710F-6205-4980-91DC-53D5DCAB9879}.Debug|iPhoneSimulator.Build.0 = Debug|iPhoneSimulator
		{F863710F-6205-4980-91DC-53D5DCAB9879}.Debug|x64.ActiveCfg = Debug|iPhone
		{F863710F-6205-4980-91DC-53D5DCAB9879}.Debug|x86.ActiveCfg = Debug|iPhone
		{F863710F-6205-4980-91DC-53D5DCAB9879}.Release|Any CPU.ActiveCfg = Release|iPhone
		{F863710F-6205-4980-91DC-53D5DCAB9879}.Release|ARM.ActiveCfg = Release|iPhone
		{F863710F-6205-4980-91DC-53D5DCAB9879}.Release|iPhone.ActiveCfg = Release|iPhone
		{F863710F-6205-4980-91DC-53D5DCAB9879}.Release|iPhone.Build.0 = Release|iPhone
		{F863710F-6205-4980-91DC-53D5DCAB9879}.Release|iPhoneSimulator.ActiveCfg = Release|iPhoneSimulator
		{F863710F-6205-4980-91DC-53D5DCAB9879}.Release|iPhoneSimulator.Build.0 = Release|iPhoneSimulator
		{F863710F-6205-4980-91DC-53D5DCAB9879}.Release|x64.ActiveCfg = Release|iPhone
		{F863710F-6205-4980-91DC-53D5DCAB9879}.Release|x86.ActiveCfg = Release|iPhone
		{602B8E4A-63CC-4ECD-AA08-C71DC05C93B3}.Ad-Hoc|Any CPU.ActiveCfg = Release|Any CPU
		{602B8E4A-63CC-4ECD-AA08-C71DC05C93B3}.Ad-Hoc|Any CPU.Build.0 = Release|Any CPU
		{602B8E4A-63CC-4ECD-AA08-C71DC05C93B3}.Ad-Hoc|Any CPU.Deploy.0 = Release|Any CPU
		{602B8E4A-63CC-4ECD-AA08-C71DC05C93B3}.Ad-Hoc|ARM.ActiveCfg = Release|ARM
		{602B8E4A-63CC-4ECD-AA08-C71DC05C93B3}.Ad-Hoc|ARM.Build.0 = Release|ARM
		{602B8E4A-63CC-4ECD-AA08-C71DC05C93B3}.Ad-Hoc|ARM.Deploy.0 = Release|ARM
		{602B8E4A-63CC-4ECD-AA08-C71DC05C93B3}.Ad-Hoc|iPhone.ActiveCfg = Release|Any CPU
		{602B8E4A-63CC-4ECD-AA08-C71DC05C93B3}.Ad-Hoc|iPhone.Build.0 = Release|Any CPU
		{602B8E4A-63CC-4ECD-AA08-C71DC05C93B3}.Ad-Hoc|iPhone.Deploy.0 = Release|Any CPU
		{602B8E4A-63CC-4ECD-AA08-C71DC05C93B3}.Ad-Hoc|iPhoneSimulator.ActiveCfg = Release|Any CPU
		{602B8E4A-63CC-4ECD-AA08-C71DC05C93B3}.Ad-Hoc|iPhoneSimulator.Build.0 = Release|Any CPU
		{602B8E4A-63CC-4ECD-AA08-C71DC05C93B3}.Ad-Hoc|iPhoneSimulator.Deploy.0 = Release|Any CPU
		{602B8E4A-63CC-4ECD-AA08-C71DC05C93B3}.Ad-Hoc|x64.ActiveCfg = Release|Any CPU
		{602B8E4A-63CC-4ECD-AA08-C71DC05C93B3}.Ad-Hoc|x64.Build.0 = Release|Any CPU
		{602B8E4A-63CC-4ECD-AA08-C71DC05C93B3}.Ad-Hoc|x64.Deploy.0 = Release|Any CPU
		{602B8E4A-63CC-4ECD-AA08-C71DC05C93B3}.Ad-Hoc|x86.ActiveCfg = Release|x86
		{602B8E4A-63CC-4ECD-AA08-C71DC05C93B3}.Ad-Hoc|x86.Build.0 = Release|x86
		{602B8E4A-63CC-4ECD-AA08-C71DC05C93B3}.Ad-Hoc|x86.Deploy.0 = Release|x86
		{602B8E4A-63CC-4ECD-AA08-C71DC05C93B3}.AppStore|Any CPU.ActiveCfg = Release|Any CPU
		{602B8E4A-63CC-4ECD-AA08-C71DC05C93B3}.AppStore|Any CPU.Build.0 = Release|Any CPU
		{602B8E4A-63CC-4ECD-AA08-C71DC05C93B3}.AppStore|Any CPU.Deploy.0 = Release|Any CPU
		{602B8E4A-63CC-4ECD-AA08-C71DC05C93B3}.AppStore|ARM.ActiveCfg = Release|ARM
		{602B8E4A-63CC-4ECD-AA08-C71DC05C93B3}.AppStore|ARM.Build.0 = Release|ARM
		{602B8E4A-63CC-4ECD-AA08-C71DC05C93B3}.AppStore|ARM.Deploy.0 = Release|ARM
		{602B8E4A-63CC-4ECD-AA08-C71DC05C93B3}.AppStore|iPhone.ActiveCfg = Release|Any CPU
		{602B8E4A-63CC-4ECD-AA08-C71DC05C93B3}.AppStore|iPhone.Build.0 = Release|Any CPU
		{602B8E4A-63CC-4ECD-AA08-C71DC05C93B3}.AppStore|iPhone.Deploy.0 = Release|Any CPU
		{602B8E4A-63CC-4ECD-AA08-C71DC05C93B3}.AppStore|iPhoneSimulator.ActiveCfg = Release|Any CPU
		{602B8E4A-63CC-4ECD-AA08-C71DC05C93B3}.AppStore|iPhoneSimulator.Build.0 = Release|Any CPU
		{602B8E4A-63CC-4ECD-AA08-C71DC05C93B3}.AppStore|iPhoneSimulator.Deploy.0 = Release|Any CPU
		{602B8E4A-63CC-4ECD-AA08-C71DC05C93B3}.AppStore|x64.ActiveCfg = Release|Any CPU
		{602B8E4A-63CC-4ECD-AA08-C71DC05C93B3}.AppStore|x64.Build.0 = Release|Any CPU
		{602B8E4A-63CC-4ECD-AA08-C71DC05C93B3}.AppStore|x64.Deploy.0 = Release|Any CPU
		{602B8E4A-63CC-4ECD-AA08-C71DC05C93B3}.AppStore|x86.ActiveCfg = Release|x86
		{602B8E4A-63CC-4ECD-AA08-C71DC05C93B3}.AppStore|x86.Build.0 = Release|x86
		{602B8E4A-63CC-4ECD-AA08-C71DC05C93B3}.AppStore|x86.Deploy.0 = Release|x86
		{602B8E4A-63CC-4ECD-AA08-C71DC05C93B3}.Debug|Any CPU.ActiveCfg = Debug|Any CPU
		{602B8E4A-63CC-4ECD-AA08-C71DC05C93B3}.Debug|Any CPU.Build.0 = Debug|Any CPU
		{602B8E4A-63CC-4ECD-AA08-C71DC05C93B3}.Debug|Any CPU.Deploy.0 = Debug|Any CPU
		{602B8E4A-63CC-4ECD-AA08-C71DC05C93B3}.Debug|ARM.ActiveCfg = Debug|ARM
		{602B8E4A-63CC-4ECD-AA08-C71DC05C93B3}.Debug|ARM.Build.0 = Debug|ARM
		{602B8E4A-63CC-4ECD-AA08-C71DC05C93B3}.Debug|ARM.Deploy.0 = Debug|ARM
		{602B8E4A-63CC-4ECD-AA08-C71DC05C93B3}.Debug|iPhone.ActiveCfg = Debug|Any CPU
		{602B8E4A-63CC-4ECD-AA08-C71DC05C93B3}.Debug|iPhone.Build.0 = Debug|Any CPU
		{602B8E4A-63CC-4ECD-AA08-C71DC05C93B3}.Debug|iPhone.Deploy.0 = Debug|Any CPU
		{602B8E4A-63CC-4ECD-AA08-C71DC05C93B3}.Debug|iPhoneSimulator.ActiveCfg = Debug|Any CPU
		{602B8E4A-63CC-4ECD-AA08-C71DC05C93B3}.Debug|iPhoneSimulator.Build.0 = Debug|Any CPU
		{602B8E4A-63CC-4ECD-AA08-C71DC05C93B3}.Debug|iPhoneSimulator.Deploy.0 = Debug|Any CPU
		{602B8E4A-63CC-4ECD-AA08-C71DC05C93B3}.Debug|x64.ActiveCfg = Debug|Any CPU
		{602B8E4A-63CC-4ECD-AA08-C71DC05C93B3}.Debug|x64.Build.0 = Debug|Any CPU
		{602B8E4A-63CC-4ECD-AA08-C71DC05C93B3}.Debug|x64.Deploy.0 = Debug|Any CPU
		{602B8E4A-63CC-4ECD-AA08-C71DC05C93B3}.Debug|x86.ActiveCfg = Debug|x86
		{602B8E4A-63CC-4ECD-AA08-C71DC05C93B3}.Debug|x86.Build.0 = Debug|x86
		{602B8E4A-63CC-4ECD-AA08-C71DC05C93B3}.Debug|x86.Deploy.0 = Debug|x86
		{602B8E4A-63CC-4ECD-AA08-C71DC05C93B3}.Release|Any CPU.ActiveCfg = Release|Any CPU
		{602B8E4A-63CC-4ECD-AA08-C71DC05C93B3}.Release|Any CPU.Build.0 = Release|Any CPU
		{602B8E4A-63CC-4ECD-AA08-C71DC05C93B3}.Release|Any CPU.Deploy.0 = Release|Any CPU
		{602B8E4A-63CC-4ECD-AA08-C71DC05C93B3}.Release|ARM.ActiveCfg = Release|ARM
		{602B8E4A-63CC-4ECD-AA08-C71DC05C93B3}.Release|ARM.Build.0 = Release|ARM
		{602B8E4A-63CC-4ECD-AA08-C71DC05C93B3}.Release|ARM.Deploy.0 = Release|ARM
		{602B8E4A-63CC-4ECD-AA08-C71DC05C93B3}.Release|iPhone.ActiveCfg = Release|Any CPU
		{602B8E4A-63CC-4ECD-AA08-C71DC05C93B3}.Release|iPhone.Build.0 = Release|Any CPU
		{602B8E4A-63CC-4ECD-AA08-C71DC05C93B3}.Release|iPhone.Deploy.0 = Release|Any CPU
		{602B8E4A-63CC-4ECD-AA08-C71DC05C93B3}.Release|iPhoneSimulator.ActiveCfg = Release|Any CPU
		{602B8E4A-63CC-4ECD-AA08-C71DC05C93B3}.Release|iPhoneSimulator.Build.0 = Release|Any CPU
		{602B8E4A-63CC-4ECD-AA08-C71DC05C93B3}.Release|iPhoneSimulator.Deploy.0 = Release|Any CPU
		{602B8E4A-63CC-4ECD-AA08-C71DC05C93B3}.Release|x64.ActiveCfg = Release|Any CPU
		{602B8E4A-63CC-4ECD-AA08-C71DC05C93B3}.Release|x64.Build.0 = Release|Any CPU
		{602B8E4A-63CC-4ECD-AA08-C71DC05C93B3}.Release|x64.Deploy.0 = Release|Any CPU
		{602B8E4A-63CC-4ECD-AA08-C71DC05C93B3}.Release|x86.ActiveCfg = Release|x86
		{602B8E4A-63CC-4ECD-AA08-C71DC05C93B3}.Release|x86.Build.0 = Release|x86
		{602B8E4A-63CC-4ECD-AA08-C71DC05C93B3}.Release|x86.Deploy.0 = Release|x86
		{398B46F8-BDDE-4702-983C-726C3441E833}.Ad-Hoc|Any CPU.ActiveCfg = Release|Any CPU
		{398B46F8-BDDE-4702-983C-726C3441E833}.Ad-Hoc|Any CPU.Build.0 = Release|Any CPU
		{398B46F8-BDDE-4702-983C-726C3441E833}.Ad-Hoc|Any CPU.Deploy.0 = Release|Any CPU
		{398B46F8-BDDE-4702-983C-726C3441E833}.Ad-Hoc|ARM.ActiveCfg = Release|ARM
		{398B46F8-BDDE-4702-983C-726C3441E833}.Ad-Hoc|ARM.Build.0 = Release|ARM
		{398B46F8-BDDE-4702-983C-726C3441E833}.Ad-Hoc|ARM.Deploy.0 = Release|ARM
		{398B46F8-BDDE-4702-983C-726C3441E833}.Ad-Hoc|iPhone.ActiveCfg = Release|Any CPU
		{398B46F8-BDDE-4702-983C-726C3441E833}.Ad-Hoc|iPhone.Build.0 = Release|Any CPU
		{398B46F8-BDDE-4702-983C-726C3441E833}.Ad-Hoc|iPhone.Deploy.0 = Release|Any CPU
		{398B46F8-BDDE-4702-983C-726C3441E833}.Ad-Hoc|iPhoneSimulator.ActiveCfg = Release|Any CPU
		{398B46F8-BDDE-4702-983C-726C3441E833}.Ad-Hoc|iPhoneSimulator.Build.0 = Release|Any CPU
		{398B46F8-BDDE-4702-983C-726C3441E833}.Ad-Hoc|iPhoneSimulator.Deploy.0 = Release|Any CPU
		{398B46F8-BDDE-4702-983C-726C3441E833}.Ad-Hoc|x64.ActiveCfg = Release|x64
		{398B46F8-BDDE-4702-983C-726C3441E833}.Ad-Hoc|x64.Build.0 = Release|x64
		{398B46F8-BDDE-4702-983C-726C3441E833}.Ad-Hoc|x64.Deploy.0 = Release|x64
		{398B46F8-BDDE-4702-983C-726C3441E833}.Ad-Hoc|x86.ActiveCfg = Release|x86
		{398B46F8-BDDE-4702-983C-726C3441E833}.Ad-Hoc|x86.Build.0 = Release|x86
		{398B46F8-BDDE-4702-983C-726C3441E833}.Ad-Hoc|x86.Deploy.0 = Release|x86
		{398B46F8-BDDE-4702-983C-726C3441E833}.AppStore|Any CPU.ActiveCfg = Release|Any CPU
		{398B46F8-BDDE-4702-983C-726C3441E833}.AppStore|Any CPU.Build.0 = Release|Any CPU
		{398B46F8-BDDE-4702-983C-726C3441E833}.AppStore|Any CPU.Deploy.0 = Release|Any CPU
		{398B46F8-BDDE-4702-983C-726C3441E833}.AppStore|ARM.ActiveCfg = Release|ARM
		{398B46F8-BDDE-4702-983C-726C3441E833}.AppStore|ARM.Build.0 = Release|ARM
		{398B46F8-BDDE-4702-983C-726C3441E833}.AppStore|ARM.Deploy.0 = Release|ARM
		{398B46F8-BDDE-4702-983C-726C3441E833}.AppStore|iPhone.ActiveCfg = Release|Any CPU
		{398B46F8-BDDE-4702-983C-726C3441E833}.AppStore|iPhone.Build.0 = Release|Any CPU
		{398B46F8-BDDE-4702-983C-726C3441E833}.AppStore|iPhone.Deploy.0 = Release|Any CPU
		{398B46F8-BDDE-4702-983C-726C3441E833}.AppStore|iPhoneSimulator.ActiveCfg = Release|Any CPU
		{398B46F8-BDDE-4702-983C-726C3441E833}.AppStore|iPhoneSimulator.Build.0 = Release|Any CPU
		{398B46F8-BDDE-4702-983C-726C3441E833}.AppStore|iPhoneSimulator.Deploy.0 = Release|Any CPU
		{398B46F8-BDDE-4702-983C-726C3441E833}.AppStore|x64.ActiveCfg = Release|x64
		{398B46F8-BDDE-4702-983C-726C3441E833}.AppStore|x64.Build.0 = Release|x64
		{398B46F8-BDDE-4702-983C-726C3441E833}.AppStore|x64.Deploy.0 = Release|x64
		{398B46F8-BDDE-4702-983C-726C3441E833}.AppStore|x86.ActiveCfg = Release|x86
		{398B46F8-BDDE-4702-983C-726C3441E833}.AppStore|x86.Build.0 = Release|x86
		{398B46F8-BDDE-4702-983C-726C3441E833}.AppStore|x86.Deploy.0 = Release|x86
		{398B46F8-BDDE-4702-983C-726C3441E833}.Debug|Any CPU.ActiveCfg = Debug|Any CPU
		{398B46F8-BDDE-4702-983C-726C3441E833}.Debug|Any CPU.Build.0 = Debug|Any CPU
		{398B46F8-BDDE-4702-983C-726C3441E833}.Debug|Any CPU.Deploy.0 = Debug|Any CPU
		{398B46F8-BDDE-4702-983C-726C3441E833}.Debug|ARM.ActiveCfg = Debug|ARM
		{398B46F8-BDDE-4702-983C-726C3441E833}.Debug|ARM.Build.0 = Debug|ARM
		{398B46F8-BDDE-4702-983C-726C3441E833}.Debug|ARM.Deploy.0 = Debug|ARM
		{398B46F8-BDDE-4702-983C-726C3441E833}.Debug|iPhone.ActiveCfg = Debug|Any CPU
		{398B46F8-BDDE-4702-983C-726C3441E833}.Debug|iPhone.Build.0 = Debug|Any CPU
		{398B46F8-BDDE-4702-983C-726C3441E833}.Debug|iPhone.Deploy.0 = Debug|Any CPU
		{398B46F8-BDDE-4702-983C-726C3441E833}.Debug|iPhoneSimulator.ActiveCfg = Debug|Any CPU
		{398B46F8-BDDE-4702-983C-726C3441E833}.Debug|iPhoneSimulator.Build.0 = Debug|Any CPU
		{398B46F8-BDDE-4702-983C-726C3441E833}.Debug|iPhoneSimulator.Deploy.0 = Debug|Any CPU
		{398B46F8-BDDE-4702-983C-726C3441E833}.Debug|x64.ActiveCfg = Debug|x64
		{398B46F8-BDDE-4702-983C-726C3441E833}.Debug|x64.Build.0 = Debug|x64
		{398B46F8-BDDE-4702-983C-726C3441E833}.Debug|x64.Deploy.0 = Debug|x64
		{398B46F8-BDDE-4702-983C-726C3441E833}.Debug|x86.ActiveCfg = Debug|x86
		{398B46F8-BDDE-4702-983C-726C3441E833}.Debug|x86.Build.0 = Debug|x86
		{398B46F8-BDDE-4702-983C-726C3441E833}.Debug|x86.Deploy.0 = Debug|x86
		{398B46F8-BDDE-4702-983C-726C3441E833}.Release|Any CPU.ActiveCfg = Release|Any CPU
		{398B46F8-BDDE-4702-983C-726C3441E833}.Release|Any CPU.Build.0 = Release|Any CPU
		{398B46F8-BDDE-4702-983C-726C3441E833}.Release|Any CPU.Deploy.0 = Release|Any CPU
		{398B46F8-BDDE-4702-983C-726C3441E833}.Release|ARM.ActiveCfg = Release|ARM
		{398B46F8-BDDE-4702-983C-726C3441E833}.Release|ARM.Build.0 = Release|ARM
		{398B46F8-BDDE-4702-983C-726C3441E833}.Release|ARM.Deploy.0 = Release|ARM
		{398B46F8-BDDE-4702-983C-726C3441E833}.Release|iPhone.ActiveCfg = Release|Any CPU
		{398B46F8-BDDE-4702-983C-726C3441E833}.Release|iPhone.Build.0 = Release|Any CPU
		{398B46F8-BDDE-4702-983C-726C3441E833}.Release|iPhone.Deploy.0 = Release|Any CPU
		{398B46F8-BDDE-4702-983C-726C3441E833}.Release|iPhoneSimulator.ActiveCfg = Release|Any CPU
		{398B46F8-BDDE-4702-983C-726C3441E833}.Release|iPhoneSimulator.Build.0 = Release|Any CPU
		{398B46F8-BDDE-4702-983C-726C3441E833}.Release|iPhoneSimulator.Deploy.0 = Release|Any CPU
		{398B46F8-BDDE-4702-983C-726C3441E833}.Release|x64.ActiveCfg = Release|x64
		{398B46F8-BDDE-4702-983C-726C3441E833}.Release|x64.Build.0 = Release|x64
		{398B46F8-BDDE-4702-983C-726C3441E833}.Release|x64.Deploy.0 = Release|x64
		{398B46F8-BDDE-4702-983C-726C3441E833}.Release|x86.ActiveCfg = Release|x86
		{398B46F8-BDDE-4702-983C-726C3441E833}.Release|x86.Build.0 = Release|x86
		{398B46F8-BDDE-4702-983C-726C3441E833}.Release|x86.Deploy.0 = Release|x86
		{EDB322E9-1932-4271-AA81-7155471E468C}.Ad-Hoc|Any CPU.ActiveCfg = Release|Any CPU
		{EDB322E9-1932-4271-AA81-7155471E468C}.Ad-Hoc|Any CPU.Build.0 = Release|Any CPU
		{EDB322E9-1932-4271-AA81-7155471E468C}.Ad-Hoc|ARM.ActiveCfg = Release|Any CPU
		{EDB322E9-1932-4271-AA81-7155471E468C}.Ad-Hoc|ARM.Build.0 = Release|Any CPU
		{EDB322E9-1932-4271-AA81-7155471E468C}.Ad-Hoc|iPhone.ActiveCfg = Release|Any CPU
		{EDB322E9-1932-4271-AA81-7155471E468C}.Ad-Hoc|iPhone.Build.0 = Release|Any CPU
		{EDB322E9-1932-4271-AA81-7155471E468C}.Ad-Hoc|iPhoneSimulator.ActiveCfg = Release|Any CPU
		{EDB322E9-1932-4271-AA81-7155471E468C}.Ad-Hoc|iPhoneSimulator.Build.0 = Release|Any CPU
		{EDB322E9-1932-4271-AA81-7155471E468C}.Ad-Hoc|x64.ActiveCfg = Release|Any CPU
		{EDB322E9-1932-4271-AA81-7155471E468C}.Ad-Hoc|x64.Build.0 = Release|Any CPU
		{EDB322E9-1932-4271-AA81-7155471E468C}.Ad-Hoc|x86.ActiveCfg = Release|Any CPU
		{EDB322E9-1932-4271-AA81-7155471E468C}.Ad-Hoc|x86.Build.0 = Release|Any CPU
		{EDB322E9-1932-4271-AA81-7155471E468C}.AppStore|Any CPU.ActiveCfg = Release|Any CPU
		{EDB322E9-1932-4271-AA81-7155471E468C}.AppStore|Any CPU.Build.0 = Release|Any CPU
		{EDB322E9-1932-4271-AA81-7155471E468C}.AppStore|ARM.ActiveCfg = Release|Any CPU
		{EDB322E9-1932-4271-AA81-7155471E468C}.AppStore|ARM.Build.0 = Release|Any CPU
		{EDB322E9-1932-4271-AA81-7155471E468C}.AppStore|iPhone.ActiveCfg = Release|Any CPU
		{EDB322E9-1932-4271-AA81-7155471E468C}.AppStore|iPhone.Build.0 = Release|Any CPU
		{EDB322E9-1932-4271-AA81-7155471E468C}.AppStore|iPhoneSimulator.ActiveCfg = Release|Any CPU
		{EDB322E9-1932-4271-AA81-7155471E468C}.AppStore|iPhoneSimulator.Build.0 = Release|Any CPU
		{EDB322E9-1932-4271-AA81-7155471E468C}.AppStore|x64.ActiveCfg = Release|Any CPU
		{EDB322E9-1932-4271-AA81-7155471E468C}.AppStore|x64.Build.0 = Release|Any CPU
		{EDB322E9-1932-4271-AA81-7155471E468C}.AppStore|x86.ActiveCfg = Release|Any CPU
		{EDB322E9-1932-4271-AA81-7155471E468C}.AppStore|x86.Build.0 = Release|Any CPU
		{EDB322E9-1932-4271-AA81-7155471E468C}.Debug|Any CPU.ActiveCfg = Debug|Any CPU
		{EDB322E9-1932-4271-AA81-7155471E468C}.Debug|Any CPU.Build.0 = Debug|Any CPU
		{EDB322E9-1932-4271-AA81-7155471E468C}.Debug|ARM.ActiveCfg = Debug|Any CPU
		{EDB322E9-1932-4271-AA81-7155471E468C}.Debug|ARM.Build.0 = Debug|Any CPU
		{EDB322E9-1932-4271-AA81-7155471E468C}.Debug|iPhone.ActiveCfg = Debug|Any CPU
		{EDB322E9-1932-4271-AA81-7155471E468C}.Debug|iPhone.Build.0 = Debug|Any CPU
		{EDB322E9-1932-4271-AA81-7155471E468C}.Debug|iPhoneSimulator.ActiveCfg = Debug|Any CPU
		{EDB322E9-1932-4271-AA81-7155471E468C}.Debug|iPhoneSimulator.Build.0 = Debug|Any CPU
		{EDB322E9-1932-4271-AA81-7155471E468C}.Debug|x64.ActiveCfg = Debug|Any CPU
		{EDB322E9-1932-4271-AA81-7155471E468C}.Debug|x64.Build.0 = Debug|Any CPU
		{EDB322E9-1932-4271-AA81-7155471E468C}.Debug|x86.ActiveCfg = Debug|Any CPU
		{EDB322E9-1932-4271-AA81-7155471E468C}.Debug|x86.Build.0 = Debug|Any CPU
		{EDB322E9-1932-4271-AA81-7155471E468C}.Release|Any CPU.ActiveCfg = Release|Any CPU
		{EDB322E9-1932-4271-AA81-7155471E468C}.Release|Any CPU.Build.0 = Release|Any CPU
		{EDB322E9-1932-4271-AA81-7155471E468C}.Release|ARM.ActiveCfg = Release|Any CPU
		{EDB322E9-1932-4271-AA81-7155471E468C}.Release|ARM.Build.0 = Release|Any CPU
		{EDB322E9-1932-4271-AA81-7155471E468C}.Release|iPhone.ActiveCfg = Release|Any CPU
		{EDB322E9-1932-4271-AA81-7155471E468C}.Release|iPhone.Build.0 = Release|Any CPU
		{EDB322E9-1932-4271-AA81-7155471E468C}.Release|iPhoneSimulator.ActiveCfg = Release|Any CPU
		{EDB322E9-1932-4271-AA81-7155471E468C}.Release|iPhoneSimulator.Build.0 = Release|Any CPU
		{EDB322E9-1932-4271-AA81-7155471E468C}.Release|x64.ActiveCfg = Release|Any CPU
		{EDB322E9-1932-4271-AA81-7155471E468C}.Release|x64.Build.0 = Release|Any CPU
		{EDB322E9-1932-4271-AA81-7155471E468C}.Release|x86.ActiveCfg = Release|Any CPU
		{EDB322E9-1932-4271-AA81-7155471E468C}.Release|x86.Build.0 = Release|Any CPU
	EndGlobalSection
	GlobalSection(SolutionProperties) = preSolution
		HideSolutionNode = FALSE
	EndGlobalSection
EndGlobal
